[{<<"any">>,
  {git,"https://github.com/shortishly/any.git",
       {ref,"4f477510226e22bed7ed855b2deb3a62113514a9"}},
  0},
 {<<"backoff">>,
  {git,"https://github.com/ferd/backoff",
       {ref,"dfb19a20c37b73af067edc3c335624bdf9517396"}},
  0},
 {<<"envy">>,
  {git,"https://github.com/shortishly/envy.git",
       {ref,"4538651f3ecb1a5aa3338638d05ed3f7d44c77e4"}},
  0},
 {<<"phrase">>,
  {git,"https://github.com/shortishly/phrase.git",
       {ref,"49beea10aeef8219185890569f39128010cff943"}},
  0},
 {<<"recon">>,
  {git,"https://github.com/ferd/recon",
       {ref,"fcbdf76d0f21263daa878defd39936de55c3f174"}},
  0},
 {<<"telemetry">>,
  {git,"https://github.com/beam-telemetry/telemetry.git",
       {ref,"deab9ae2b90242d031466030fb4c83bb5fc559f5"}},
  0}].
